
Microsoft Visual Studio Solution File, Format Version 12.00
# Visual Studio 2012
Project("{FAE04EC0-301F-11D3-BF4B-00C04F79EFBC}") = "TestGame", "TestGame\TestGame\TestGame.csproj", "{D34D2639-C376-488B-B75D-8AC72250361C}"
EndProject
Project("{FAE04EC0-301F-11D3-BF4B-00C04F79EFBC}") = "TestGameContent", "TestGame\TestGameContent\TestGameContent.contentproj", "{161EFE4C-42EB-4F26-8118-017880DB41A6}"
EndProject
Global
	GlobalSection(SolutionConfigurationPlatforms) = preSolution
		Debug|x86 = Debug|x86
		Release|x86 = Release|x86
	EndGlobalSection
	GlobalSection(ProjectConfigurationPlatforms) = postSolution
		{D34D2639-C376-488B-B75D-8AC72250361C}.Debug|x86.ActiveCfg = Debug|x86
		{D34D2639-C376-488B-B75D-8AC72250361C}.Debug|x86.Build.0 = Debug|x86
		{D34D2639-C376-488B-B75D-8AC72250361C}.Release|x86.ActiveCfg = Release|x86
		{D34D2639-C376-488B-B75D-8AC72250361C}.Release|x86.Build.0 = Release|x86
		{161EFE4C-42EB-4F26-8118-017880DB41A6}.Debug|x86.ActiveCfg = Debug|x86
		{161EFE4C-42EB-4F26-8118-017880DB41A6}.Release|x86.ActiveCfg = Release|x86
	EndGlobalSection
	GlobalSection(SolutionProperties) = preSolution
		HideSolutionNode = FALSE
	EndGlobalSection
EndGlobal
